
Microsoft Visual Studio Solution File, Format Version 12.00
# Visual Studio 15
VisualStudioVersion = 15.0.27703.2026
MinimumVisualStudioVersion = 10.0.40219.1
Project("{FAE04EC0-301F-11D3-BF4B-00C04F79EFBC}") = "1.1.单例模式", "1.单例模式\1.1.单例模式.csproj", "{4C331961-A1E3-41BC-BF11-A898A97E8822}"
EndProject
Project("{FAE04EC0-301F-11D3-BF4B-00C04F79EFBC}") = "1.2.简单工厂", "2.简单工厂\1.2.简单工厂.csproj", "{C6566C49-81CB-4CF4-A803-E1A58ECD2212}"
EndProject
Project("{FAE04EC0-301F-11D3-BF4B-00C04F79EFBC}") = "1.3.工厂方法", "3.工厂方法\1.3.工厂方法.csproj", "{642405F8-8E46-4480-8411-C8E51AFE4704}"
EndProject
Project("{FAE04EC0-301F-11D3-BF4B-00C04F79EFBC}") = "1.4.抽象工厂", "4.抽象工厂\1.4.抽象工厂.csproj", "{CC7A4CEF-B3B3-4475-8A6A-C38D222D17D9}"
EndProject
Project("{FAE04EC0-301F-11D3-BF4B-00C04F79EFBC}") = "1.5.建造者模式", "5.建造者模式\1.5.建造者模式.csproj", "{4CA1F51F-B203-45A9-B0CD-2CC12332628E}"
EndProject
Project("{FAE04EC0-301F-11D3-BF4B-00C04F79EFBC}") = "1.6.原型模式", "6.原型模式\1.6.原型模式.csproj", "{4948B366-F082-4022-BC6D-D9BED1D3AA30}"
EndProject
Project("{FAE04EC0-301F-11D3-BF4B-00C04F79EFBC}") = "1.7.适配器模式", "7.适配器模式\1.7.适配器模式.csproj", "{ABD485E6-C3DA-4C0A-B69B-F02CDD472ED0}"
EndProject
Project("{FAE04EC0-301F-11D3-BF4B-00C04F79EFBC}") = "1.8.桥接模式", "8.桥接模式\1.8.桥接模式.csproj", "{565D7707-D2B5-494A-A5E2-7F2F6FF421FA}"
EndProject
Project("{FAE04EC0-301F-11D3-BF4B-00C04F79EFBC}") = "1.9.装饰者模式", "9.装饰者模式\1.9.装饰者模式.csproj", "{08611D6F-77F4-4888-83B4-89F20B6A3AAF}"
EndProject
Project("{FAE04EC0-301F-11D3-BF4B-00C04F79EFBC}") = "1_10.组合模式", "10.组合模式\1_10.组合模式.csproj", "{8B1E1ED5-8DB5-4D41-962B-69A795CAB5F0}"
EndProject
Project("{FAE04EC0-301F-11D3-BF4B-00C04F79EFBC}") = "1_11.外观模式", "1_11.外观模式\1_11.外观模式.csproj", "{5CAF7E1E-9125-4485-BB65-EBB626BDB31A}"
EndProject
Project("{FAE04EC0-301F-11D3-BF4B-00C04F79EFBC}") = "1_12.享元模式", "1_12.享元模式\1_12.享元模式.csproj", "{F6CC50FC-48DD-4FD1-B03A-04E7D79CDA3E}"
EndProject
Project("{FAE04EC0-301F-11D3-BF4B-00C04F79EFBC}") = "1_13.代理模式", "1_13.代理模式\1_13.代理模式.csproj", "{8DE9C00A-E181-4E77-9BB8-D1561AA865E6}"
EndProject
Project("{FAE04EC0-301F-11D3-BF4B-00C04F79EFBC}") = "1_14模版方法模式", "1_14模版方法模式\1_14模版方法模式.csproj", "{69C118FF-D640-4A42-9757-A17CF0361830}"
EndProject
Project("{FAE04EC0-301F-11D3-BF4B-00C04F79EFBC}") = "1_15.命令模式", "1_15.命令模式\1_15.命令模式.csproj", "{4E0F5BC0-9191-4A56-9C31-CC813BA9E724}"
EndProject
Project("{FAE04EC0-301F-11D3-BF4B-00C04F79EFBC}") = "1_16.迭代器模式", "1_16.迭代器模式\1_16.迭代器模式.csproj", "{1A6D7771-79EF-43EA-BC76-742FD4511F40}"
EndProject
Project("{FAE04EC0-301F-11D3-BF4B-00C04F79EFBC}") = "1_17.观察者模式", "1_17.观察者模式\1_17.观察者模式.csproj", "{D6EC3D82-8AAA-4854-BF82-BD61BE706B68}"
EndProject
Global
	GlobalSection(SolutionConfigurationPlatforms) = preSolution
		Debug|Any CPU = Debug|Any CPU
		Release|Any CPU = Release|Any CPU
	EndGlobalSection
	GlobalSection(ProjectConfigurationPlatforms) = postSolution
		{4C331961-A1E3-41BC-BF11-A898A97E8822}.Debug|Any CPU.ActiveCfg = Debug|Any CPU
		{4C331961-A1E3-41BC-BF11-A898A97E8822}.Debug|Any CPU.Build.0 = Debug|Any CPU
		{4C331961-A1E3-41BC-BF11-A898A97E8822}.Release|Any CPU.ActiveCfg = Release|Any CPU
		{4C331961-A1E3-41BC-BF11-A898A97E8822}.Release|Any CPU.Build.0 = Release|Any CPU
		{C6566C49-81CB-4CF4-A803-E1A58ECD2212}.Debug|Any CPU.ActiveCfg = Debug|Any CPU
		{C6566C49-81CB-4CF4-A803-E1A58ECD2212}.Debug|Any CPU.Build.0 = Debug|Any CPU
		{C6566C49-81CB-4CF4-A803-E1A58ECD2212}.Release|Any CPU.ActiveCfg = Release|Any CPU
		{C6566C49-81CB-4CF4-A803-E1A58ECD2212}.Release|Any CPU.Build.0 = Release|Any CPU
		{642405F8-8E46-4480-8411-C8E51AFE4704}.Debug|Any CPU.ActiveCfg = Debug|Any CPU
		{642405F8-8E46-4480-8411-C8E51AFE4704}.Debug|Any CPU.Build.0 = Debug|Any CPU
		{642405F8-8E46-4480-8411-C8E51AFE4704}.Release|Any CPU.ActiveCfg = Release|Any CPU
		{642405F8-8E46-4480-8411-C8E51AFE4704}.Release|Any CPU.Build.0 = Release|Any CPU
		{CC7A4CEF-B3B3-4475-8A6A-C38D222D17D9}.Debug|Any CPU.ActiveCfg = Debug|Any CPU
		{CC7A4CEF-B3B3-4475-8A6A-C38D222D17D9}.Debug|Any CPU.Build.0 = Debug|Any CPU
		{CC7A4CEF-B3B3-4475-8A6A-C38D222D17D9}.Release|Any CPU.ActiveCfg = Release|Any CPU
		{CC7A4CEF-B3B3-4475-8A6A-C38D222D17D9}.Release|Any CPU.Build.0 = Release|Any CPU
		{4CA1F51F-B203-45A9-B0CD-2CC12332628E}.Debug|Any CPU.ActiveCfg = Debug|Any CPU
		{4CA1F51F-B203-45A9-B0CD-2CC12332628E}.Debug|Any CPU.Build.0 = Debug|Any CPU
		{4CA1F51F-B203-45A9-B0CD-2CC12332628E}.Release|Any CPU.ActiveCfg = Release|Any CPU
		{4CA1F51F-B203-45A9-B0CD-2CC12332628E}.Release|Any CPU.Build.0 = Release|Any CPU
		{4948B366-F082-4022-BC6D-D9BED1D3AA30}.Debug|Any CPU.ActiveCfg = Debug|Any CPU
		{4948B366-F082-4022-BC6D-D9BED1D3AA30}.Debug|Any CPU.Build.0 = Debug|Any CPU
		{4948B366-F082-4022-BC6D-D9BED1D3AA30}.Release|Any CPU.ActiveCfg = Release|Any CPU
		{4948B366-F082-4022-BC6D-D9BED1D3AA30}.Release|Any CPU.Build.0 = Release|Any CPU
		{ABD485E6-C3DA-4C0A-B69B-F02CDD472ED0}.Debug|Any CPU.ActiveCfg = Debug|Any CPU
		{ABD485E6-C3DA-4C0A-B69B-F02CDD472ED0}.Debug|Any CPU.Build.0 = Debug|Any CPU
		{ABD485E6-C3DA-4C0A-B69B-F02CDD472ED0}.Release|Any CPU.ActiveCfg = Release|Any CPU
		{ABD485E6-C3DA-4C0A-B69B-F02CDD472ED0}.Release|Any CPU.Build.0 = Release|Any CPU
		{565D7707-D2B5-494A-A5E2-7F2F6FF421FA}.Debug|Any CPU.ActiveCfg = Debug|Any CPU
		{565D7707-D2B5-494A-A5E2-7F2F6FF421FA}.Debug|Any CPU.Build.0 = Debug|Any CPU
		{565D7707-D2B5-494A-A5E2-7F2F6FF421FA}.Release|Any CPU.ActiveCfg = Release|Any CPU
		{565D7707-D2B5-494A-A5E2-7F2F6FF421FA}.Release|Any CPU.Build.0 = Release|Any CPU
		{08611D6F-77F4-4888-83B4-89F20B6A3AAF}.Debug|Any CPU.ActiveCfg = Debug|Any CPU
		{08611D6F-77F4-4888-83B4-89F20B6A3AAF}.Debug|Any CPU.Build.0 = Debug|Any CPU
		{08611D6F-77F4-4888-83B4-89F20B6A3AAF}.Release|Any CPU.ActiveCfg = Release|Any CPU
		{08611D6F-77F4-4888-83B4-89F20B6A3AAF}.Release|Any CPU.Build.0 = Release|Any CPU
		{8B1E1ED5-8DB5-4D41-962B-69A795CAB5F0}.Debug|Any CPU.ActiveCfg = Debug|Any CPU
		{8B1E1ED5-8DB5-4D41-962B-69A795CAB5F0}.Debug|Any CPU.Build.0 = Debug|Any CPU
		{8B1E1ED5-8DB5-4D41-962B-69A795CAB5F0}.Release|Any CPU.ActiveCfg = Release|Any CPU
		{8B1E1ED5-8DB5-4D41-962B-69A795CAB5F0}.Release|Any CPU.Build.0 = Release|Any CPU
		{5CAF7E1E-9125-4485-BB65-EBB626BDB31A}.Debug|Any CPU.ActiveCfg = Debug|Any CPU
		{5CAF7E1E-9125-4485-BB65-EBB626BDB31A}.Debug|Any CPU.Build.0 = Debug|Any CPU
		{5CAF7E1E-9125-4485-BB65-EBB626BDB31A}.Release|Any CPU.ActiveCfg = Release|Any CPU
		{5CAF7E1E-9125-4485-BB65-EBB626BDB31A}.Release|Any CPU.Build.0 = Release|Any CPU
		{F6CC50FC-48DD-4FD1-B03A-04E7D79CDA3E}.Debug|Any CPU.ActiveCfg = Debug|Any CPU
		{F6CC50FC-48DD-4FD1-B03A-04E7D79CDA3E}.Debug|Any CPU.Build.0 = Debug|Any CPU
		{F6CC50FC-48DD-4FD1-B03A-04E7D79CDA3E}.Release|Any CPU.ActiveCfg = Release|Any CPU
		{F6CC50FC-48DD-4FD1-B03A-04E7D79CDA3E}.Release|Any CPU.Build.0 = Release|Any CPU
		{8DE9C00A-E181-4E77-9BB8-D1561AA865E6}.Debug|Any CPU.ActiveCfg = Debug|Any CPU
		{8DE9C00A-E181-4E77-9BB8-D1561AA865E6}.Debug|Any CPU.Build.0 = Debug|Any CPU
		{8DE9C00A-E181-4E77-9BB8-D1561AA865E6}.Release|Any CPU.ActiveCfg = Release|Any CPU
		{8DE9C00A-E181-4E77-9BB8-D1561AA865E6}.Release|Any CPU.Build.0 = Release|Any CPU
		{69C118FF-D640-4A42-9757-A17CF0361830}.Debug|Any CPU.ActiveCfg = Debug|Any CPU
		{69C118FF-D640-4A42-9757-A17CF0361830}.Debug|Any CPU.Build.0 = Debug|Any CPU
		{69C118FF-D640-4A42-9757-A17CF0361830}.Release|Any CPU.ActiveCfg = Release|Any CPU
		{69C118FF-D640-4A42-9757-A17CF0361830}.Release|Any CPU.Build.0 = Release|Any CPU
		{4E0F5BC0-9191-4A56-9C31-CC813BA9E724}.Debug|Any CPU.ActiveCfg = Debug|Any CPU
		{4E0F5BC0-9191-4A56-9C31-CC813BA9E724}.Debug|Any CPU.Build.0 = Debug|Any CPU
		{4E0F5BC0-9191-4A56-9C31-CC813BA9E724}.Release|Any CPU.ActiveCfg = Release|Any CPU
		{4E0F5BC0-9191-4A56-9C31-CC813BA9E724}.Release|Any CPU.Build.0 = Release|Any CPU
		{1A6D7771-79EF-43EA-BC76-742FD4511F40}.Debug|Any CPU.ActiveCfg = Debug|Any CPU
		{1A6D7771-79EF-43EA-BC76-742FD4511F40}.Debug|Any CPU.Build.0 = Debug|Any CPU
		{1A6D7771-79EF-43EA-BC76-742FD4511F40}.Release|Any CPU.ActiveCfg = Release|Any CPU
		{1A6D7771-79EF-43EA-BC76-742FD4511F40}.Release|Any CPU.Build.0 = Release|Any CPU
		{D6EC3D82-8AAA-4854-BF82-BD61BE706B68}.Debug|Any CPU.ActiveCfg = Debug|Any CPU
		{D6EC3D82-8AAA-4854-BF82-BD61BE706B68}.Debug|Any CPU.Build.0 = Debug|Any CPU
		{D6EC3D82-8AAA-4854-BF82-BD61BE706B68}.Release|Any CPU.ActiveCfg = Release|Any CPU
		{D6EC3D82-8AAA-4854-BF82-BD61BE706B68}.Release|Any CPU.Build.0 = Release|Any CPU
	EndGlobalSection
	GlobalSection(SolutionProperties) = preSolution
		HideSolutionNode = FALSE
	EndGlobalSection
	GlobalSection(ExtensibilityGlobals) = postSolution
		SolutionGuid = {818236C2-34A4-4800-B15D-D8409FA69936}
	EndGlobalSection
EndGlobal
